
Microsoft Visual Studio Solution File, Format Version 12.00
# Visual Studio Version 16
VisualStudioVersion = 16.0.28902.138
MinimumVisualStudioVersion = 10.0.40219.1
Project("{FAE04EC0-301F-11D3-BF4B-00C04F79EFBC}") = "Calculater", "Calculater.csproj", "{7A4C6FFF-BD2B-469B-B4D7-DE133E735F1E}"
EndProject
Global
	GlobalSection(SolutionConfigurationPlatforms) = preSolution
		Debug|Any CPU = Debug|Any CPU
		Release|Any CPU = Release|Any CPU
	EndGlobalSection
	GlobalSection(ProjectConfigurationPlatforms) = postSolution
		{7A4C6FFF-BD2B-469B-B4D7-DE133E735F1E}.Debug|Any CPU.ActiveCfg = Debug|Any CPU
		{7A4C6FFF-BD2B-469B-B4D7-DE133E735F1E}.Debug|Any CPU.Build.0 = Debug|Any CPU
		{7A4C6FFF-BD2B-469B-B4D7-DE133E735F1E}.Release|Any CPU.ActiveCfg = Release|Any CPU
		{7A4C6FFF-BD2B-469B-B4D7-DE133E735F1E}.Release|Any CPU.Build.0 = Release|Any CPU
	EndGlobalSection
	GlobalSection(SolutionProperties) = preSolution
		HideSolutionNode = FALSE
	EndGlobalSection
	GlobalSection(ExtensibilityGlobals) = postSolution
		SolutionGuid = {F0018AD9-C3AA-40B8-8A19-EE856EB9742F}
	EndGlobalSection
EndGlobal
